
Microsoft Visual Studio Solution File, Format Version 12.00
# Visual Studio Version 16
VisualStudioVersion = 16.0.30611.23
MinimumVisualStudioVersion = 10.0.40219.1
Project("{FAE04EC0-301F-11D3-BF4B-00C04F79EFBC}") = "RPPS_lab1.1", "RPPS_lab1.1\RPPS_lab1.1.csproj", "{8044101B-2FDD-4556-A33C-BBF75316BA2E}"
EndProject
Project("{FAE04EC0-301F-11D3-BF4B-00C04F79EFBC}") = "UnitTests", "UnitTests\UnitTests.csproj", "{034CBD7E-35FF-49F4-A2CF-67A143DD2A8C}"
EndProject
Global
	GlobalSection(SolutionConfigurationPlatforms) = preSolution
		Debug|Any CPU = Debug|Any CPU
		Release|Any CPU = Release|Any CPU
	EndGlobalSection
	GlobalSection(ProjectConfigurationPlatforms) = postSolution
		{8044101B-2FDD-4556-A33C-BBF75316BA2E}.Debug|Any CPU.ActiveCfg = Debug|Any CPU
		{8044101B-2FDD-4556-A33C-BBF75316BA2E}.Debug|Any CPU.Build.0 = Debug|Any CPU
		{8044101B-2FDD-4556-A33C-BBF75316BA2E}.Release|Any CPU.ActiveCfg = Release|Any CPU
		{8044101B-2FDD-4556-A33C-BBF75316BA2E}.Release|Any CPU.Build.0 = Release|Any CPU
		{034CBD7E-35FF-49F4-A2CF-67A143DD2A8C}.Debug|Any CPU.ActiveCfg = Debug|Any CPU
		{034CBD7E-35FF-49F4-A2CF-67A143DD2A8C}.Debug|Any CPU.Build.0 = Debug|Any CPU
		{034CBD7E-35FF-49F4-A2CF-67A143DD2A8C}.Release|Any CPU.ActiveCfg = Release|Any CPU
		{034CBD7E-35FF-49F4-A2CF-67A143DD2A8C}.Release|Any CPU.Build.0 = Release|Any CPU
	EndGlobalSection
	GlobalSection(SolutionProperties) = preSolution
		HideSolutionNode = FALSE
	EndGlobalSection
	GlobalSection(ExtensibilityGlobals) = postSolution
		SolutionGuid = {8AF7BCEC-0231-4EAA-B4B5-9DFAC403D547}
	EndGlobalSection
EndGlobal
